// !$*UTF8*$!
{
	archiveVersion = 1;
	classes = {
	};
	objectVersion = 77;
	objects = {

/* Begin PBXAggregateTarget section */
		6036C99E2EF9E3E300D5CF69 /* Periphery */ = {
			isa = PBXAggregateTarget;
			buildConfigurationList = 6036C99F2EF9E3E300D5CF69 /* Build configuration list for PBXAggregateTarget "Periphery" */;
			buildPhases = (
				6036C9A22EF9E3F100D5CF69 /* ShellScript */,
			);
			dependencies = (
			);
			name = Periphery;
			packageProductDependencies = (
			);
			productName = Periphery;
		};
/* End PBXAggregateTarget section */

/* Begin PBXBuildFile section */
		602C09FD2F0CA8A800EF54FB /* (null) in Frameworks */ = {isa = PBXBuildFile; };
		602C09FE2F0CA8A800EF54FB /* (null) in Frameworks */ = {isa = PBXBuildFile; };
		6036C94D2EF72D9800D5CF69 /* YouVersionPlatform in Frameworks */ = {isa = PBXBuildFile; productRef = 6036C94C2EF72D9800D5CF69 /* YouVersionPlatform */; };
		6036C9582EF7345E00D5CF69 /* FirebaseAnalytics in Frameworks */ = {isa = PBXBuildFile; productRef = 6036C9572EF7345E00D5CF69 /* FirebaseAnalytics */; };
		6036C95A2EF7345E00D5CF69 /* FirebaseDatabase in Frameworks */ = {isa = PBXBuildFile; productRef = 6036C9592EF7345E00D5CF69 /* FirebaseDatabase */; };
		6036C97D2EF7B71400D5CF69 /* FirebaseFunctions in Frameworks */ = {isa = PBXBuildFile; productRef = 6036C97C2EF7B71400D5CF69 /* FirebaseFunctions */; };
		765076542B8C4D2C901447B0 /* Sentry in Frameworks */ = {isa = PBXBuildFile; productRef = 98CBB9D81E9443DEB6CCAC93 /* Sentry */; };
/* End PBXBuildFile section */

/* Begin PBXContainerItemProxy section */
		60BAF3492EF6DD8E00C05EA5 /* PBXContainerItemProxy */ = {
			isa = PBXContainerItemProxy;
			containerPortal = 60BAF3312EF6DD8D00C05EA5 /* Project object */;
			proxyType = 1;
			remoteGlobalIDString = 60BAF3382EF6DD8D00C05EA5;
			remoteInfo = "Gather Bible";
		};
		60BAF3532EF6DD8E00C05EA5 /* PBXContainerItemProxy */ = {
			isa = PBXContainerItemProxy;
			containerPortal = 60BAF3312EF6DD8D00C05EA5 /* Project object */;
			proxyType = 1;
			remoteGlobalIDString = 60BAF3382EF6DD8D00C05EA5;
			remoteInfo = "Gather Bible";
		};
/* End PBXContainerItemProxy section */

/* Begin PBXFileReference section */
		60BAF3392EF6DD8D00C05EA5 /* Gather Bible.app */ = {isa = PBXFileReference; explicitFileType = wrapper.application; includeInIndex = 0; path = "Gather Bible.app"; sourceTree = BUILT_PRODUCTS_DIR; };
		60BAF3482EF6DD8E00C05EA5 /* Gather BibleTests.xctest */ = {isa = PBXFileReference; explicitFileType = wrapper.cfbundle; includeInIndex = 0; path = "Gather BibleTests.xctest"; sourceTree = BUILT_PRODUCTS_DIR; };
		60BAF3522EF6DD8E00C05EA5 /* Gather BibleUITests.xctest */ = {isa = PBXFileReference; explicitFileType = wrapper.cfbundle; includeInIndex = 0; path = "Gather BibleUITests.xctest"; sourceTree = BUILT_PRODUCTS_DIR; };
/* End PBXFileReference section */

/* Begin PBXFileSystemSynchronizedRootGroup section */
		60BAF33B2EF6DD8D00C05EA5 /* Gather Bible */ = {
			isa = PBXFileSystemSynchronizedRootGroup;
			path = "Gather Bible";
			sourceTree = "<group>";
		};
		60BAF34B2EF6DD8E00C05EA5 /* Gather BibleTests */ = {
			isa = PBXFileSystemSynchronizedRootGroup;
			path = "Gather BibleTests";
			sourceTree = "<group>";
		};
		60BAF3552EF6DD8E00C05EA5 /* Gather BibleUITests */ = {
			isa = PBXFileSystemSynchronizedRootGroup;
			path = "Gather BibleUITests";
			sourceTree = "<group>";
		};
/* End PBXFileSystemSynchronizedRootGroup section */

/* Begin PBXFrameworksBuildPhase section */
		60BAF3362EF6DD8D00C05EA5 /* Frameworks */ = {
			isa = PBXFrameworksBuildPhase;
			buildActionMask = 2147483647;
			files = (
				6036C95A2EF7345E00D5CF69 /* FirebaseDatabase in Frameworks */,
				6036C9582EF7345E00D5CF69 /* FirebaseAnalytics in Frameworks */,
				6036C94D2EF72D9800D5CF69 /* YouVersionPlatform in Frameworks */,
				6036C97D2EF7B71400D5CF69 /* FirebaseFunctions in Frameworks */,
				765076542B8C4D2C901447B0 /* Sentry in Frameworks */,
			);
			runOnlyForDeploymentPostprocessing = 0;
		};
		60BAF3452EF6DD8E00C05EA5 /* Frameworks */ = {
			isa = PBXFrameworksBuildPhase;
			buildActionMask = 2147483647;
			files = (
				602C09FD2F0CA8A800EF54FB /* (null) in Frameworks */,
			);
			runOnlyForDeploymentPostprocessing = 0;
		};
		60BAF34F2EF6DD8E00C05EA5 /* Frameworks */ = {
			isa = PBXFrameworksBuildPhase;
			buildActionMask = 2147483647;
			files = (
				602C09FE2F0CA8A800EF54FB /* (null) in Frameworks */,
			);
			runOnlyForDeploymentPostprocessing = 0;
		};
/* End PBXFrameworksBuildPhase section */

/* Begin PBXGroup section */
		6036C97B2EF7B71400D5CF69 /* Frameworks */ = {
			isa = PBXGroup;
			children = (
			);
			name = Frameworks;
			sourceTree = "<group>";
		};
		60BAF3302EF6DD8D00C05EA5 = {
			isa = PBXGroup;
			children = (
				60BAF33B2EF6DD8D00C05EA5 /* Gather Bible */,
				60BAF34B2EF6DD8E00C05EA5 /* Gather BibleTests */,
				60BAF3552EF6DD8E00C05EA5 /* Gather BibleUITests */,
				6036C97B2EF7B71400D5CF69 /* Frameworks */,
				60BAF33A2EF6DD8D00C05EA5 /* Products */,
			);
			sourceTree = "<group>";
		};
		60BAF33A2EF6DD8D00C05EA5 /* Products */ = {
			isa = PBXGroup;
			children = (
				60BAF3392EF6DD8D00C05EA5 /* Gather Bible.app */,
				60BAF3482EF6DD8E00C05EA5 /* Gather BibleTests.xctest */,
				60BAF3522EF6DD8E00C05EA5 /* Gather BibleUITests.xctest */,
			);
			name = Products;
			sourceTree = "<group>";
		};
/* End PBXGroup section */

/* Begin PBXNativeTarget section */
		60BAF3382EF6DD8D00C05EA5 /* Gather Bible */ = {
			isa = PBXNativeTarget;
			buildConfigurationList = 60BAF35C2EF6DD8E00C05EA5 /* Build configuration list for PBXNativeTarget "Gather Bible" */;
			buildPhases = (
				60BAF3352EF6DD8D00C05EA5 /* Sources */,
				60BAF3362EF6DD8D00C05EA5 /* Frameworks */,
				60BAF3372EF6DD8D00C05EA5 /* Resources */,
				04C72EBC5F774582AED1113A /* Upload Debug Symbols to Sentry */,
			);
			buildRules = (
			);
			dependencies = (
			);
			fileSystemSynchronizedGroups = (
				60BAF33B2EF6DD8D00C05EA5 /* Gather Bible */,
			);
			name = "Gather Bible";
			packageProductDependencies = (
				6036C94C2EF72D9800D5CF69 /* YouVersionPlatform */,
				6036C9572EF7345E00D5CF69 /* FirebaseAnalytics */,
				6036C9592EF7345E00D5CF69 /* FirebaseDatabase */,
				6036C97C2EF7B71400D5CF69 /* FirebaseFunctions */,
				98CBB9D81E9443DEB6CCAC93 /* Sentry */,
			);
			productName = "Gather Bible";
			productReference = 60BAF3392EF6DD8D00C05EA5 /* Gather Bible.app */;
			productType = "com.apple.product-type.application";
		};
		60BAF3472EF6DD8E00C05EA5 /* Gather BibleTests */ = {
			isa = PBXNativeTarget;
			buildConfigurationList = 60BAF35F2EF6DD8E00C05EA5 /* Build configuration list for PBXNativeTarget "Gather BibleTests" */;
			buildPhases = (
				60BAF3442EF6DD8E00C05EA5 /* Sources */,
				60BAF3452EF6DD8E00C05EA5 /* Frameworks */,
				60BAF3462EF6DD8E00C05EA5 /* Resources */,
			);
			buildRules = (
			);
			dependencies = (
				60BAF34A2EF6DD8E00C05EA5 /* PBXTargetDependency */,
			);
			fileSystemSynchronizedGroups = (
				60BAF34B2EF6DD8E00C05EA5 /* Gather BibleTests */,
			);
			name = "Gather BibleTests";
			packageProductDependencies = (
			);
			productName = "Gather BibleTests";
			productReference = 60BAF3482EF6DD8E00C05EA5 /* Gather BibleTests.xctest */;
			productType = "com.apple.product-type.bundle.unit-test";
		};
		60BAF3512EF6DD8E00C05EA5 /* Gather BibleUITests */ = {
			isa = PBXNativeTarget;
			buildConfigurationList = 60BAF3622EF6DD8E00C05EA5 /* Build configuration list for PBXNativeTarget "Gather BibleUITests" */;
			buildPhases = (
				60BAF34E2EF6DD8E00C05EA5 /* Sources */,
				60BAF34F2EF6DD8E00C05EA5 /* Frameworks */,
				60BAF3502EF6DD8E00C05EA5 /* Resources */,
			);
			buildRules = (
			);
			dependencies = (
				60BAF3542EF6DD8E00C05EA5 /* PBXTargetDependency */,
			);
			fileSystemSynchronizedGroups = (
				60BAF3552EF6DD8E00C05EA5 /* Gather BibleUITests */,
			);
			name = "Gather BibleUITests";
			packageProductDependencies = (
			);
			productName = "Gather BibleUITests";
			productReference = 60BAF3522EF6DD8E00C05EA5 /* Gather BibleUITests.xctest */;
			productType = "com.apple.product-type.bundle.ui-testing";
		};
/* End PBXNativeTarget section */

/* Begin PBXProject section */
		60BAF3312EF6DD8D00C05EA5 /* Project object */ = {
			isa = PBXProject;
			attributes = {
				BuildIndependentTargetsInParallel = 1;
				KnownAssetTags = (
					New,
				);
				LastSwiftUpdateCheck = 2610;
				LastUpgradeCheck = 2610;
				TargetAttributes = {
					6036C99E2EF9E3E300D5CF69 = {
						CreatedOnToolsVersion = 26.1.1;
					};
					60BAF3382EF6DD8D00C05EA5 = {
						CreatedOnToolsVersion = 26.1.1;
					};
					60BAF3472EF6DD8E00C05EA5 = {
						CreatedOnToolsVersion = 26.1.1;
						TestTargetID = 60BAF3382EF6DD8D00C05EA5;
					};
					60BAF3512EF6DD8E00C05EA5 = {
						CreatedOnToolsVersion = 26.1.1;
						TestTargetID = 60BAF3382EF6DD8D00C05EA5;
					};
				};
			};
			buildConfigurationList = 60BAF3342EF6DD8D00C05EA5 /* Build configuration list for PBXProject "Gather Bible" */;
			developmentRegion = en;
			hasScannedForEncodings = 0;
			knownRegions = (
				en,
				Base,
			);
			mainGroup = 60BAF3302EF6DD8D00C05EA5;
			minimizedProjectReferenceProxies = 1;
			packageReferences = (
				6036C94B2EF72D9800D5CF69 /* XCRemoteSwiftPackageReference "platform-sdk-swift" */,
				6036C9562EF7345E00D5CF69 /* XCRemoteSwiftPackageReference "firebase-ios-sdk" */,
				238EB8F641394BB18DEA6584 /* XCRemoteSwiftPackageReference "sentry-cocoa" */,
			);
			preferredProjectObjectVersion = 77;
			productRefGroup = 60BAF33A2EF6DD8D00C05EA5 /* Products */;
			projectDirPath = "";
			projectRoot = "";
			targets = (
				60BAF3382EF6DD8D00C05EA5 /* Gather Bible */,
				60BAF3472EF6DD8E00C05EA5 /* Gather BibleTests */,
				60BAF3512EF6DD8E00C05EA5 /* Gather BibleUITests */,
				6036C99E2EF9E3E300D5CF69 /* Periphery */,
			);
		};
/* End PBXProject section */

/* Begin PBXResourcesBuildPhase section */
		60BAF3372EF6DD8D00C05EA5 /* Resources */ = {
			isa = PBXResourcesBuildPhase;
			buildActionMask = 2147483647;
			files = (
			);
			runOnlyForDeploymentPostprocessing = 0;
		};
		60BAF3462EF6DD8E00C05EA5 /* Resources */ = {
			isa = PBXResourcesBuildPhase;
			buildActionMask = 2147483647;
			files = (
			);
			runOnlyForDeploymentPostprocessing = 0;
		};
		60BAF3502EF6DD8E00C05EA5 /* Resources */ = {
			isa = PBXResourcesBuildPhase;
			buildActionMask = 2147483647;
			files = (
			);
			runOnlyForDeploymentPostprocessing = 0;
		};
/* End PBXResourcesBuildPhase section */

/* Begin PBXShellScriptBuildPhase section */
		04C72EBC5F774582AED1113A /* Upload Debug Symbols to Sentry */ = {
			isa = PBXShellScriptBuildPhase;
			buildActionMask = 2147483647;
			files = (
			);
			inputPaths = (
				"${DWARF_DSYM_FOLDER_PATH}/${DWARF_DSYM_FILE_NAME}/Contents/Resources/DWARF/${TARGET_NAME}",
			);
			name = "Upload Debug Symbols to Sentry";
			outputPaths = (
			);
			runOnlyForDeploymentPostprocessing = 0;
			shellPath = /bin/sh;
			shellScript = "# This script is responsible for uploading debug symbols and source context for Sentry.\nif which sentry-cli >/dev/null; then\n  export SENTRY_ORG=josh-birdwell\n  export SENTRY_PROJECT=gather-bible\n  ERROR=$(sentry-cli debug-files upload --include-sources \"$DWARF_DSYM_FOLDER_PATH\" 2>&1 >/dev/null)\n  if [ ! $? -eq 0 ]; then\n    echo \"warning: sentry-cli - $ERROR\"\n  fi\nelse\n  echo \"warning: sentry-cli not installed, download from https://github.com/getsentry/sentry-cli/releases\"\nfi\n";
		};
		6036C9A22EF9E3F100D5CF69 /* ShellScript */ = {
			isa = PBXShellScriptBuildPhase;
			buildActionMask = 2147483647;
			files = (
			);
			inputFileListPaths = (
			);
			inputPaths = (
			);
			outputFileListPaths = (
			);
			outputPaths = (
			);
			runOnlyForDeploymentPostprocessing = 0;
			shellPath = /bin/sh;
			shellScript = "if [ -x /opt/homebrew/bin/periphery ]; then\n  /opt/homebrew/bin/periphery scan --project \"Gather Bible.xcodeproj\" --schemes \"Gather Bible\" --format xcode -- -destination \"generic/platform=iOS Simulator\"\nelse\n  echo \"warning: periphery not installed, skipping scan\"\nfi\n";
		};
/* End PBXShellScriptBuildPhase section */

/* Begin PBXSourcesBuildPhase section */
		60BAF3352EF6DD8D00C05EA5 /* Sources */ = {
			isa = PBXSourcesBuildPhase;
			buildActionMask = 2147483647;
			files = (
			);
			runOnlyForDeploymentPostprocessing = 0;
		};
		60BAF3442EF6DD8E00C05EA5 /* Sources */ = {
			isa = PBXSourcesBuildPhase;
			buildActionMask = 2147483647;
			files = (
			);
			runOnlyForDeploymentPostprocessing = 0;
		};
		60BAF34E2EF6DD8E00C05EA5 /* Sources */ = {
			isa = PBXSourcesBuildPhase;
			buildActionMask = 2147483647;
			files = (
			);
			runOnlyForDeploymentPostprocessing = 0;
		};
/* End PBXSourcesBuildPhase section */

/* Begin PBXTargetDependency section */
		60BAF34A2EF6DD8E00C05EA5 /* PBXTargetDependency */ = {
			isa = PBXTargetDependency;
			target = 60BAF3382EF6DD8D00C05EA5 /* Gather Bible */;
			targetProxy = 60BAF3492EF6DD8E00C05EA5 /* PBXContainerItemProxy */;
		};
		60BAF3542EF6DD8E00C05EA5 /* PBXTargetDependency */ = {
			isa = PBXTargetDependency;
			target = 60BAF3382EF6DD8D00C05EA5 /* Gather Bible */;
			targetProxy = 60BAF3532EF6DD8E00C05EA5 /* PBXContainerItemProxy */;
		};
/* End PBXTargetDependency section */

/* Begin XCBuildConfiguration section */
		6036C9A02EF9E3E300D5CF69 /* Debug */ = {
			isa = XCBuildConfiguration;
			buildSettings = {
				CODE_SIGN_STYLE = Automatic;
				DEVELOPMENT_TEAM = HDMU7Y5UNB;
				ENABLE_USER_SCRIPT_SANDBOXING = NO;
				PRODUCT_NAME = "$(TARGET_NAME)";
			};
			name = Debug;
		};
		6036C9A12EF9E3E300D5CF69 /* Release */ = {
			isa = XCBuildConfiguration;
			buildSettings = {
				CODE_SIGN_STYLE = Automatic;
				DEVELOPMENT_TEAM = HDMU7Y5UNB;
				ENABLE_USER_SCRIPT_SANDBOXING = NO;
				PRODUCT_NAME = "$(TARGET_NAME)";
			};
			name = Release;
		};
		60BAF35A2EF6DD8E00C05EA5 /* Debug */ = {
			isa = XCBuildConfiguration;
			buildSettings = {
				ALWAYS_SEARCH_USER_PATHS = NO;
				ASSETCATALOG_COMPILER_GENERATE_SWIFT_ASSET_SYMBOL_EXTENSIONS = YES;
				CLANG_ANALYZER_NONNULL = YES;
				CLANG_ANALYZER_NUMBER_OBJECT_CONVERSION = YES_AGGRESSIVE;
				CLANG_CXX_LANGUAGE_STANDARD = "gnu++20";
				CLANG_ENABLE_MODULES = YES;
				CLANG_ENABLE_OBJC_ARC = YES;
				CLANG_ENABLE_OBJC_WEAK = YES;
				CLANG_WARN_BLOCK_CAPTURE_AUTORELEASING = YES;
				CLANG_WARN_BOOL_CONVERSION = YES;
				CLANG_WARN_COMMA = YES;
				CLANG_WARN_CONSTANT_CONVERSION = YES;
				CLANG_WARN_DEPRECATED_OBJC_IMPLEMENTATIONS = YES;
				CLANG_WARN_DIRECT_OBJC_ISA_USAGE = YES_ERROR;
				CLANG_WARN_DOCUMENTATION_COMMENTS = YES;
				CLANG_WARN_EMPTY_BODY = YES;
				CLANG_WARN_ENUM_CONVERSION = YES;
				CLANG_WARN_INFINITE_RECURSION = YES;
				CLANG_WARN_INT_CONVERSION = YES;
				CLANG_WARN_NON_LITERAL_NULL_CONVERSION = YES;
				CLANG_WARN_OBJC_IMPLICIT_RETAIN_SELF = YES;
				CLANG_WARN_OBJC_LITERAL_CONVERSION = YES;
				CLANG_WARN_OBJC_ROOT_CLASS = YES_ERROR;
				CLANG_WARN_QUOTED_INCLUDE_IN_FRAMEWORK_HEADER = YES;
				CLANG_WARN_RANGE_LOOP_ANALYSIS = YES;
				CLANG_WARN_STRICT_PROTOTYPES = YES;
				CLANG_WARN_SUSPICIOUS_MOVE = YES;
				CLANG_WARN_UNGUARDED_AVAILABILITY = YES_AGGRESSIVE;
				CLANG_WARN_UNREACHABLE_CODE = YES;
				CLANG_WARN__DUPLICATE_METHOD_MATCH = YES;
				COPY_PHASE_STRIP = NO;
				DEBUG_INFORMATION_FORMAT = dwarf;
				DEVELOPMENT_TEAM = HDMU7Y5UNB;
				ENABLE_STRICT_OBJC_MSGSEND = YES;
				ENABLE_TESTABILITY = YES;
				ENABLE_USER_SCRIPT_SANDBOXING = YES;
				GCC_C_LANGUAGE_STANDARD = gnu17;
				GCC_DYNAMIC_NO_PIC = NO;
				GCC_NO_COMMON_BLOCKS = YES;
				GCC_OPTIMIZATION_LEVEL = 0;
				GCC_PREPROCESSOR_DEFINITIONS = (
					"DEBUG=1",
					"$(inherited)",
				);
				GCC_WARN_64_TO_32_BIT_CONVERSION = YES;
				GCC_WARN_ABOUT_RETURN_TYPE = YES_ERROR;
				GCC_WARN_UNDECLARED_SELECTOR = YES;
				GCC_WARN_UNINITIALIZED_AUTOS = YES_AGGRESSIVE;
				GCC_WARN_UNUSED_FUNCTION = YES;
				GCC_WARN_UNUSED_VARIABLE = YES;
				IPHONEOS_DEPLOYMENT_TARGET = 26.1;
				LOCALIZATION_PREFERS_STRING_CATALOGS = YES;
				MTL_ENABLE_DEBUG_INFO = INCLUDE_SOURCE;
				MTL_FAST_MATH = YES;
				ONLY_ACTIVE_ARCH = YES;
				SDKROOT = iphoneos;
				SWIFT_ACTIVE_COMPILATION_CONDITIONS = "DEBUG $(inherited)";
				SWIFT_OPTIMIZATION_LEVEL = "-Onone";
			};
			name = Debug;
		};
		60BAF35B2EF6DD8E00C05EA5 /* Release */ = {
			isa = XCBuildConfiguration;
			buildSettings = {
				ALWAYS_SEARCH_USER_PATHS = NO;
				ASSETCATALOG_COMPILER_GENERATE_SWIFT_ASSET_SYMBOL_EXTENSIONS = YES;
				CLANG_ANALYZER_NONNULL = YES;
				CLANG_ANALYZER_NUMBER_OBJECT_CONVERSION = YES_AGGRESSIVE;
				CLANG_CXX_LANGUAGE_STANDARD = "gnu++20";
				CLANG_ENABLE_MODULES = YES;
				CLANG_ENABLE_OBJC_ARC = YES;
				CLANG_ENABLE_OBJC_WEAK = YES;
				CLANG_WARN_BLOCK_CAPTURE_AUTORELEASING = YES;
				CLANG_WARN_BOOL_CONVERSION = YES;
				CLANG_WARN_COMMA = YES;
				CLANG_WARN_CONSTANT_CONVERSION = YES;
				CLANG_WARN_DEPRECATED_OBJC_IMPLEMENTATIONS = YES;
				CLANG_WARN_DIRECT_OBJC_ISA_USAGE = YES_ERROR;
				CLANG_WARN_DOCUMENTATION_COMMENTS = YES;
				CLANG_WARN_EMPTY_BODY = YES;
				CLANG_WARN_ENUM_CONVERSION = YES;
				CLANG_WARN_INFINITE_RECURSION = YES;
				CLANG_WARN_INT_CONVERSION = YES;
				CLANG_WARN_NON_LITERAL_NULL_CONVERSION = YES;
				CLANG_WARN_OBJC_IMPLICIT_RETAIN_SELF = YES;
				CLANG_WARN_OBJC_LITERAL_CONVERSION = YES;
				CLANG_WARN_OBJC_ROOT_CLASS = YES_ERROR;
				CLANG_WARN_QUOTED_INCLUDE_IN_FRAMEWORK_HEADER = YES;
				CLANG_WARN_RANGE_LOOP_ANALYSIS = YES;
				CLANG_WARN_STRICT_PROTOTYPES = YES;
				CLANG_WARN_SUSPICIOUS_MOVE = YES;
				CLANG_WARN_UNGUARDED_AVAILABILITY = YES_AGGRESSIVE;
				CLANG_WARN_UNREACHABLE_CODE = YES;
				CLANG_WARN__DUPLICATE_METHOD_MATCH = YES;
				COPY_PHASE_STRIP = NO;
				DEBUG_INFORMATION_FORMAT = "dwarf-with-dsym";
				DEVELOPMENT_TEAM = HDMU7Y5UNB;
				ENABLE_NS_ASSERTIONS = NO;
				ENABLE_STRICT_OBJC_MSGSEND = YES;
				ENABLE_USER_SCRIPT_SANDBOXING = YES;
				GCC_C_LANGUAGE_STANDARD = gnu17;
				GCC_NO_COMMON_BLOCKS = YES;
				GCC_WARN_64_TO_32_BIT_CONVERSION = YES;
				GCC_WARN_ABOUT_RETURN_TYPE = YES_ERROR;
				GCC_WARN_UNDECLARED_SELECTOR = YES;
				GCC_WARN_UNINITIALIZED_AUTOS = YES_AGGRESSIVE;
				GCC_WARN_UNUSED_FUNCTION = YES;
				GCC_WARN_UNUSED_VARIABLE = YES;
				IPHONEOS_DEPLOYMENT_TARGET = 26.1;
				LOCALIZATION_PREFERS_STRING_CATALOGS = YES;
				MTL_ENABLE_DEBUG_INFO = NO;
				MTL_FAST_MATH = YES;
				SDKROOT = iphoneos;
				SWIFT_COMPILATION_MODE = wholemodule;
				VALIDATE_PRODUCT = YES;
			};
			name = Release;
		};
		60BAF35D2EF6DD8E00C05EA5 /* Debug */ = {
			isa = XCBuildConfiguration;
			buildSettings = {
				ASSETCATALOG_COMPILER_APPICON_NAME = icon;
				ASSETCATALOG_COMPILER_GLOBAL_ACCENT_COLOR_NAME = AccentColor;
				ASSETCATALOG_COMPILER_INCLUDE_ALL_APPICON_ASSETS = NO;
				CODE_SIGN_STYLE = Automatic;
				CURRENT_PROJECT_VERSION = 1;
				DEBUG_INFORMATION_FORMAT = "dwarf-with-dsym";
				DEVELOPMENT_TEAM = HDMU7Y5UNB;
				ENABLE_PREVIEWS = YES;
				ENABLE_USER_SCRIPT_SANDBOXING = NO;
				GENERATE_INFOPLIST_FILE = YES;
				INFOPLIST_FILE = "Gather-Bible-Info.plist";
				INFOPLIST_KEY_CFBundleDisplayName = "Gather Bible";
				INFOPLIST_KEY_LSApplicationCategoryType = "public.app-category.books";
				INFOPLIST_KEY_NSLocalNetworkUsageDescription = "Gather Bible uses the local network to discover nearby Bible study sessions.";
				INFOPLIST_KEY_UIApplicationSceneManifest_Generation = YES;
				INFOPLIST_KEY_UIApplicationSupportsIndirectInputEvents = YES;
				INFOPLIST_KEY_UILaunchScreen_Generation = YES;
				INFOPLIST_KEY_UISupportedInterfaceOrientations = UIInterfaceOrientationPortrait;
				INFOPLIST_KEY_UISupportedInterfaceOrientations_iPad = "UIInterfaceOrientationLandscapeLeft UIInterfaceOrientationLandscapeRight UIInterfaceOrientationPortrait UIInterfaceOrientationPortraitUpsideDown";
				IPHONEOS_DEPLOYMENT_TARGET = 18.6;
				LD_RUNPATH_SEARCH_PATHS = (
					"$(inherited)",
					"@executable_path/Frameworks",
				);
				MARKETING_VERSION = 1.1;
				PRODUCT_BUNDLE_IDENTIFIER = "Josh-Birdwell.Gather-Bible";
				PRODUCT_NAME = "$(TARGET_NAME)";
				STRING_CATALOG_GENERATE_SYMBOLS = YES;
				SUPPORTED_PLATFORMS = "iphoneos iphonesimulator";
				SUPPORTS_MACCATALYST = NO;
				SUPPORTS_MAC_DESIGNED_FOR_IPHONE_IPAD = NO;
				SUPPORTS_XR_DESIGNED_FOR_IPHONE_IPAD = NO;
				SWIFT_APPROACHABLE_CONCURRENCY = YES;
				SWIFT_DEFAULT_ACTOR_ISOLATION = MainActor;
				SWIFT_EMIT_LOC_STRINGS = YES;
				SWIFT_UPCOMING_FEATURE_MEMBER_IMPORT_VISIBILITY = YES;
				SWIFT_VERSION = 5.0;
				TARGETED_DEVICE_FAMILY = "1,2";
			};
			name = Debug;
		};
		60BAF35E2EF6DD8E00C05EA5 /* Release */ = {
			isa = XCBuildConfiguration;
			buildSettings = {
				ASSETCATALOG_COMPILER_APPICON_NAME = icon;
				ASSETCATALOG_COMPILER_GLOBAL_ACCENT_COLOR_NAME = AccentColor;
				ASSETCATALOG_COMPILER_INCLUDE_ALL_APPICON_ASSETS = NO;
				CODE_SIGN_STYLE = Automatic;
				CURRENT_PROJECT_VERSION = 1;
				DEBUG_INFORMATION_FORMAT = "dwarf-with-dsym";
				DEVELOPMENT_TEAM = HDMU7Y5UNB;
				ENABLE_PREVIEWS = YES;
				ENABLE_USER_SCRIPT_SANDBOXING = NO;
				GENERATE_INFOPLIST_FILE = YES;
				INFOPLIST_FILE = "Gather-Bible-Info.plist";
				INFOPLIST_KEY_CFBundleDisplayName = "Gather Bible";
				INFOPLIST_KEY_LSApplicationCategoryType = "public.app-category.books";
				INFOPLIST_KEY_NSLocalNetworkUsageDescription = "Gather Bible uses the local network to discover nearby Bible study sessions.";
				INFOPLIST_KEY_UIApplicationSceneManifest_Generation = YES;
				INFOPLIST_KEY_UIApplicationSupportsIndirectInputEvents = YES;
				INFOPLIST_KEY_UILaunchScreen_Generation = YES;
				INFOPLIST_KEY_UISupportedInterfaceOrientations = UIInterfaceOrientationPortrait;
				INFOPLIST_KEY_UISupportedInterfaceOrientations_iPad = "UIInterfaceOrientationLandscapeLeft UIInterfaceOrientationLandscapeRight UIInterfaceOrientationPortrait UIInterfaceOrientationPortraitUpsideDown";
				IPHONEOS_DEPLOYMENT_TARGET = 18.6;
				LD_RUNPATH_SEARCH_PATHS = (
					"$(inherited)",
					"@executable_path/Frameworks",
				);
				MARKETING_VERSION = 1.1;
				PRODUCT_BUNDLE_IDENTIFIER = "Josh-Birdwell.Gather-Bible";
				PRODUCT_NAME = "$(TARGET_NAME)";
				STRING_CATALOG_GENERATE_SYMBOLS = YES;
				SUPPORTED_PLATFORMS = "iphoneos iphonesimulator";
				SUPPORTS_MACCATALYST = NO;
				SUPPORTS_MAC_DESIGNED_FOR_IPHONE_IPAD = NO;
				SUPPORTS_XR_DESIGNED_FOR_IPHONE_IPAD = NO;
				SWIFT_APPROACHABLE_CONCURRENCY = YES;
				SWIFT_DEFAULT_ACTOR_ISOLATION = MainActor;
				SWIFT_EMIT_LOC_STRINGS = YES;
				SWIFT_UPCOMING_FEATURE_MEMBER_IMPORT_VISIBILITY = YES;
				SWIFT_VERSION = 5.0;
				TARGETED_DEVICE_FAMILY = "1,2";
			};
			name = Release;
		};
		60BAF3602EF6DD8E00C05EA5 /* Debug */ = {
			isa = XCBuildConfiguration;
			buildSettings = {
				BUNDLE_LOADER = "$(TEST_HOST)";
				CODE_SIGN_STYLE = Automatic;
				CURRENT_PROJECT_VERSION = 1;
				DEVELOPMENT_TEAM = HDMU7Y5UNB;
				GENERATE_INFOPLIST_FILE = YES;
				IPHONEOS_DEPLOYMENT_TARGET = 26.1;
				MARKETING_VERSION = 1.0;
				PRODUCT_BUNDLE_IDENTIFIER = "Josh-Birdwell.Gather-BibleTests";
				PRODUCT_NAME = "$(TARGET_NAME)";
				STRING_CATALOG_GENERATE_SYMBOLS = NO;
				SWIFT_APPROACHABLE_CONCURRENCY = YES;
				SWIFT_EMIT_LOC_STRINGS = NO;
				SWIFT_UPCOMING_FEATURE_MEMBER_IMPORT_VISIBILITY = YES;
				SWIFT_VERSION = 5.0;
				TARGETED_DEVICE_FAMILY = "1,2";
				TEST_HOST = "$(BUILT_PRODUCTS_DIR)/Gather Bible.app/$(BUNDLE_EXECUTABLE_FOLDER_PATH)/Gather Bible";
			};
			name = Debug;
		};
		60BAF3612EF6DD8E00C05EA5 /* Release */ = {
			isa = XCBuildConfiguration;
			buildSettings = {
				BUNDLE_LOADER = "$(TEST_HOST)";
				CODE_SIGN_STYLE = Automatic;
				CURRENT_PROJECT_VERSION = 1;
				DEVELOPMENT_TEAM = HDMU7Y5UNB;
				GENERATE_INFOPLIST_FILE = YES;
				IPHONEOS_DEPLOYMENT_TARGET = 26.1;
				MARKETING_VERSION = 1.0;
				PRODUCT_BUNDLE_IDENTIFIER = "Josh-Birdwell.Gather-BibleTests";
				PRODUCT_NAME = "$(TARGET_NAME)";
				STRING_CATALOG_GENERATE_SYMBOLS = NO;
				SWIFT_APPROACHABLE_CONCURRENCY = YES;
				SWIFT_EMIT_LOC_STRINGS = NO;
				SWIFT_UPCOMING_FEATURE_MEMBER_IMPORT_VISIBILITY = YES;
				SWIFT_VERSION = 5.0;
				TARGETED_DEVICE_FAMILY = "1,2";
				TEST_HOST = "$(BUILT_PRODUCTS_DIR)/Gather Bible.app/$(BUNDLE_EXECUTABLE_FOLDER_PATH)/Gather Bible";
			};
			name = Release;
		};
		60BAF3632EF6DD8E00C05EA5 /* Debug */ = {
			isa = XCBuildConfiguration;
			buildSettings = {
				CODE_SIGN_STYLE = Automatic;
				CURRENT_PROJECT_VERSION = 1;
				DEVELOPMENT_TEAM = HDMU7Y5UNB;
				GENERATE_INFOPLIST_FILE = YES;
				MARKETING_VERSION = 1.0;
				PRODUCT_BUNDLE_IDENTIFIER = "Josh-Birdwell.Gather-BibleUITests";
				PRODUCT_NAME = "$(TARGET_NAME)";
				STRING_CATALOG_GENERATE_SYMBOLS = NO;
				SWIFT_APPROACHABLE_CONCURRENCY = YES;
				SWIFT_EMIT_LOC_STRINGS = NO;
				SWIFT_UPCOMING_FEATURE_MEMBER_IMPORT_VISIBILITY = YES;
				SWIFT_VERSION = 5.0;
				TARGETED_DEVICE_FAMILY = "1,2";
				TEST_TARGET_NAME = "Gather Bible";
			};
			name = Debug;
		};
		60BAF3642EF6DD8E00C05EA5 /* Release */ = {
			isa = XCBuildConfiguration;
			buildSettings = {
				CODE_SIGN_STYLE = Automatic;
				CURRENT_PROJECT_VERSION = 1;
				DEVELOPMENT_TEAM = HDMU7Y5UNB;
				GENERATE_INFOPLIST_FILE = YES;
				MARKETING_VERSION = 1.0;
				PRODUCT_BUNDLE_IDENTIFIER = "Josh-Birdwell.Gather-BibleUITests";
				PRODUCT_NAME = "$(TARGET_NAME)";
				STRING_CATALOG_GENERATE_SYMBOLS = NO;
				SWIFT_APPROACHABLE_CONCURRENCY = YES;
				SWIFT_EMIT_LOC_STRINGS = NO;
				SWIFT_UPCOMING_FEATURE_MEMBER_IMPORT_VISIBILITY = YES;
				SWIFT_VERSION = 5.0;
				TARGETED_DEVICE_FAMILY = "1,2";
				TEST_TARGET_NAME = "Gather Bible";
			};
			name = Release;
		};
/* End XCBuildConfiguration section */

/* Begin XCConfigurationList section */
		6036C99F2EF9E3E300D5CF69 /* Build configuration list for PBXAggregateTarget "Periphery" */ = {
			isa = XCConfigurationList;
			buildConfigurations = (
				6036C9A02EF9E3E300D5CF69 /* Debug */,
				6036C9A12EF9E3E300D5CF69 /* Release */,
			);
			defaultConfigurationIsVisible = 0;
			defaultConfigurationName = Release;
		};
		60BAF3342EF6DD8D00C05EA5 /* Build configuration list for PBXProject "Gather Bible" */ = {
			isa = XCConfigurationList;
			buildConfigurations = (
				60BAF35A2EF6DD8E00C05EA5 /* Debug */,
				60BAF35B2EF6DD8E00C05EA5 /* Release */,
			);
			defaultConfigurationIsVisible = 0;
			defaultConfigurationName = Release;
		};
		60BAF35C2EF6DD8E00C05EA5 /* Build configuration list for PBXNativeTarget "Gather Bible" */ = {
			isa = XCConfigurationList;
			buildConfigurations = (
				60BAF35D2EF6DD8E00C05EA5 /* Debug */,
				60BAF35E2EF6DD8E00C05EA5 /* Release */,
			);
			defaultConfigurationIsVisible = 0;
			defaultConfigurationName = Release;
		};
		60BAF35F2EF6DD8E00C05EA5 /* Build configuration list for PBXNativeTarget "Gather BibleTests" */ = {
			isa = XCConfigurationList;
			buildConfigurations = (
				60BAF3602EF6DD8E00C05EA5 /* Debug */,
				60BAF3612EF6DD8E00C05EA5 /* Release */,
			);
			defaultConfigurationIsVisible = 0;
			defaultConfigurationName = Release;
		};
		60BAF3622EF6DD8E00C05EA5 /* Build configuration list for PBXNativeTarget "Gather BibleUITests" */ = {
			isa = XCConfigurationList;
			buildConfigurations = (
				60BAF3632EF6DD8E00C05EA5 /* Debug */,
				60BAF3642EF6DD8E00C05EA5 /* Release */,
			);
			defaultConfigurationIsVisible = 0;
			defaultConfigurationName = Release;
		};
/* End XCConfigurationList section */

/* Begin XCRemoteSwiftPackageReference section */
		238EB8F641394BB18DEA6584 /* XCRemoteSwiftPackageReference "sentry-cocoa" */ = {
			isa = XCRemoteSwiftPackageReference;
			repositoryURL = "https://github.com/getsentry/sentry-cocoa/";
			requirement = {
				kind = upToNextMajorVersion;
				minimumVersion = 8.0.0;
			};
		};
		6036C94B2EF72D9800D5CF69 /* XCRemoteSwiftPackageReference "platform-sdk-swift" */ = {
			isa = XCRemoteSwiftPackageReference;
			repositoryURL = "https://github.com/youversion/platform-sdk-swift.git";
			requirement = {
				kind = upToNextMajorVersion;
				minimumVersion = 1.0.0;
			};
		};
		6036C9562EF7345E00D5CF69 /* XCRemoteSwiftPackageReference "firebase-ios-sdk" */ = {
			isa = XCRemoteSwiftPackageReference;
			repositoryURL = "https://github.com/firebase/firebase-ios-sdk";
			requirement = {
				kind = upToNextMajorVersion;
				minimumVersion = 12.7.0;
			};
		};
/* End XCRemoteSwiftPackageReference section */

/* Begin XCSwiftPackageProductDependency section */
		6036C94C2EF72D9800D5CF69 /* YouVersionPlatform */ = {
			isa = XCSwiftPackageProductDependency;
			package = 6036C94B2EF72D9800D5CF69 /* XCRemoteSwiftPackageReference "platform-sdk-swift" */;
			productName = YouVersionPlatform;
		};
		6036C9572EF7345E00D5CF69 /* FirebaseAnalytics */ = {
			isa = XCSwiftPackageProductDependency;
			package = 6036C9562EF7345E00D5CF69 /* XCRemoteSwiftPackageReference "firebase-ios-sdk" */;
			productName = FirebaseAnalytics;
		};
		6036C9592EF7345E00D5CF69 /* FirebaseDatabase */ = {
			isa = XCSwiftPackageProductDependency;
			package = 6036C9562EF7345E00D5CF69 /* XCRemoteSwiftPackageReference "firebase-ios-sdk" */;
			productName = FirebaseDatabase;
		};
		6036C97C2EF7B71400D5CF69 /* FirebaseFunctions */ = {
			isa = XCSwiftPackageProductDependency;
			package = 6036C9562EF7345E00D5CF69 /* XCRemoteSwiftPackageReference "firebase-ios-sdk" */;
			productName = FirebaseFunctions;
		};
		98CBB9D81E9443DEB6CCAC93 /* Sentry */ = {
			isa = XCSwiftPackageProductDependency;
			package = 238EB8F641394BB18DEA6584 /* XCRemoteSwiftPackageReference "sentry-cocoa" */;
			productName = Sentry;
		};
/* End XCSwiftPackageProductDependency section */
	};
	rootObject = 60BAF3312EF6DD8D00C05EA5 /* Project object */;
}
